
Microsoft Visual Studio Solution File, Format Version 12.00
# Visual Studio 2012
Project("{FAE04EC0-301F-11D3-BF4B-00C04F79EFBC}") = "B2CSynchro", "B2CSynchro\B2CSynchro.csproj", "{7E689A8E-4816-4A5C-9DC9-40EAB8466640}"
EndProject
Project("{FAE04EC0-301F-11D3-BF4B-00C04F79EFBC}") = "ServiceSetup", "ServiceSetup\ServiceSetup.csproj", "{5D258756-0DCE-4F17-BB2F-83AA8C67A249}"
EndProject
Project("{FAE04EC0-301F-11D3-BF4B-00C04F79EFBC}") = "DBHelper", "DBHelper\DBHelper.csproj", "{B08F9C71-13EC-4739-B1BD-60C6C476A66E}"
EndProject
Global
	GlobalSection(SolutionConfigurationPlatforms) = preSolution
		Debug|Any CPU = Debug|Any CPU
		Release|Any CPU = Release|Any CPU
	EndGlobalSection
	GlobalSection(ProjectConfigurationPlatforms) = postSolution
		{7E689A8E-4816-4A5C-9DC9-40EAB8466640}.Debug|Any CPU.ActiveCfg = Debug|Any CPU
		{7E689A8E-4816-4A5C-9DC9-40EAB8466640}.Debug|Any CPU.Build.0 = Debug|Any CPU
		{7E689A8E-4816-4A5C-9DC9-40EAB8466640}.Release|Any CPU.ActiveCfg = Release|Any CPU
		{7E689A8E-4816-4A5C-9DC9-40EAB8466640}.Release|Any CPU.Build.0 = Release|Any CPU
		{5D258756-0DCE-4F17-BB2F-83AA8C67A249}.Debug|Any CPU.ActiveCfg = Debug|Any CPU
		{5D258756-0DCE-4F17-BB2F-83AA8C67A249}.Debug|Any CPU.Build.0 = Debug|Any CPU
		{5D258756-0DCE-4F17-BB2F-83AA8C67A249}.Release|Any CPU.ActiveCfg = Release|Any CPU
		{5D258756-0DCE-4F17-BB2F-83AA8C67A249}.Release|Any CPU.Build.0 = Release|Any CPU
		{B08F9C71-13EC-4739-B1BD-60C6C476A66E}.Debug|Any CPU.ActiveCfg = Debug|Any CPU
		{B08F9C71-13EC-4739-B1BD-60C6C476A66E}.Debug|Any CPU.Build.0 = Debug|Any CPU
		{B08F9C71-13EC-4739-B1BD-60C6C476A66E}.Release|Any CPU.ActiveCfg = Release|Any CPU
		{B08F9C71-13EC-4739-B1BD-60C6C476A66E}.Release|Any CPU.Build.0 = Release|Any CPU
	EndGlobalSection
	GlobalSection(SolutionProperties) = preSolution
		HideSolutionNode = FALSE
	EndGlobalSection
EndGlobal
