
Microsoft Visual Studio Solution File, Format Version 12.00
# Visual Studio 15
VisualStudioVersion = 15.0.28307.1972
MinimumVisualStudioVersion = 10.0.40219.1
Project("{FAE04EC0-301F-11D3-BF4B-00C04F79EFBC}") = "Eonup.Mvc5", "Eonup.Mvc5\Eonup.Mvc5.csproj", "{CCECF2CA-6A5E-4E1C-880C-CBCB7C645E7B}"
EndProject
Project("{2150E333-8FDC-42A3-9474-1A3956D46DE8}") = "Client", "Client", "{E0659DA1-8999-400B-A4D1-9E4A972592AF}"
EndProject
Project("{2150E333-8FDC-42A3-9474-1A3956D46DE8}") = "Common", "Common", "{AB6A26D1-88FD-4796-861F-3FA4E07D86E5}"
EndProject
Project("{FAE04EC0-301F-11D3-BF4B-00C04F79EFBC}") = "Eonup.Framework", "Eonup.Framework\Eonup.Framework.csproj", "{F2F9CF50-61BB-4BDE-87CA-E5A82540051D}"
EndProject
Project("{2150E333-8FDC-42A3-9474-1A3956D46DE8}") = "Bussiness", "Bussiness", "{5774B844-455E-437D-B9EF-C9BB993A9F35}"
EndProject
Project("{FAE04EC0-301F-11D3-BF4B-00C04F79EFBC}") = "Eonup.EF.Model", "Eonup.EF.Model\Eonup.EF.Model.csproj", "{262562CA-634F-47E6-8333-A7BA0F3CBAE7}"
EndProject
Project("{FAE04EC0-301F-11D3-BF4B-00C04F79EFBC}") = "Eonup.Business.Interface", "Eonup.Business.Interface\Eonup.Business.Interface.csproj", "{3F9EC1D0-3B40-4386-990A-7D87C46B78B1}"
EndProject
Project("{FAE04EC0-301F-11D3-BF4B-00C04F79EFBC}") = "Eonup.Business.Service", "Eonup.Business.Service\Eonup.Business.Service.csproj", "{E86ECFE8-EC32-4400-BDCE-5A5E6746516E}"
EndProject
Project("{2150E333-8FDC-42A3-9474-1A3956D46DE8}") = "WCFService", "WCFService", "{D8AABDE3-39B2-4F35-9641-E93B5003502E}"
EndProject
Project("{FAE04EC0-301F-11D3-BF4B-00C04F79EFBC}") = "Eonup.RemoteService", "Eonup.RemoteService\Eonup.RemoteService.csproj", "{530DB3CE-8F64-4FD6-B871-2163BE526573}"
EndProject
Project("{FAE04EC0-301F-11D3-BF4B-00C04F79EFBC}") = "Eonup.Wcf.Interface", "Eonup.Wcf.Interface\Eonup.Wcf.Interface.csproj", "{72CCEF73-7DEA-4C86-B70C-3B3D8F4F0293}"
EndProject
Project("{FAE04EC0-301F-11D3-BF4B-00C04F79EFBC}") = "Eonup.Wcf.Service", "Eonup.Wcf.Service\Eonup.Wcf.Service.csproj", "{4E31325C-4AD9-4F7E-A33D-BAC5F5992AD0}"
EndProject
Project("{FAE04EC0-301F-11D3-BF4B-00C04F79EFBC}") = "Eonup.Remote.Interface", "Eonup.Remote.Interface\Eonup.Remote.Interface.csproj", "{57CB8820-59A8-42AF-B8DE-C457E19ECF8C}"
EndProject
Project("{FAE04EC0-301F-11D3-BF4B-00C04F79EFBC}") = "Eonup.Remote.Service", "Eonup.Remote.Service\Eonup.Remote.Service.csproj", "{EA8AE2A2-C528-4742-B286-0F47DB2D325C}"
EndProject
Project("{FAE04EC0-301F-11D3-BF4B-00C04F79EFBC}") = "Eonup.Remote.Model", "Eonup.Remote.Model\Eonup.Remote.Model.csproj", "{EE8E9C80-D6F5-4A4B-B96E-D5EE9B2C22FA}"
EndProject
Project("{FAE04EC0-301F-11D3-BF4B-00C04F79EFBC}") = "Eonup.Wcf.ConsoleService", "Eonup.Wcf.ConsoleService\Eonup.Wcf.ConsoleService.csproj", "{479B1995-F123-4D13-85F4-94AEAE71C573}"
EndProject
Global
	GlobalSection(SolutionConfigurationPlatforms) = preSolution
		Debug|Any CPU = Debug|Any CPU
		Release|Any CPU = Release|Any CPU
	EndGlobalSection
	GlobalSection(ProjectConfigurationPlatforms) = postSolution
		{CCECF2CA-6A5E-4E1C-880C-CBCB7C645E7B}.Debug|Any CPU.ActiveCfg = Debug|Any CPU
		{CCECF2CA-6A5E-4E1C-880C-CBCB7C645E7B}.Debug|Any CPU.Build.0 = Debug|Any CPU
		{CCECF2CA-6A5E-4E1C-880C-CBCB7C645E7B}.Release|Any CPU.ActiveCfg = Release|Any CPU
		{CCECF2CA-6A5E-4E1C-880C-CBCB7C645E7B}.Release|Any CPU.Build.0 = Release|Any CPU
		{F2F9CF50-61BB-4BDE-87CA-E5A82540051D}.Debug|Any CPU.ActiveCfg = Debug|Any CPU
		{F2F9CF50-61BB-4BDE-87CA-E5A82540051D}.Debug|Any CPU.Build.0 = Debug|Any CPU
		{F2F9CF50-61BB-4BDE-87CA-E5A82540051D}.Release|Any CPU.ActiveCfg = Release|Any CPU
		{F2F9CF50-61BB-4BDE-87CA-E5A82540051D}.Release|Any CPU.Build.0 = Release|Any CPU
		{262562CA-634F-47E6-8333-A7BA0F3CBAE7}.Debug|Any CPU.ActiveCfg = Debug|Any CPU
		{262562CA-634F-47E6-8333-A7BA0F3CBAE7}.Debug|Any CPU.Build.0 = Debug|Any CPU
		{262562CA-634F-47E6-8333-A7BA0F3CBAE7}.Release|Any CPU.ActiveCfg = Release|Any CPU
		{262562CA-634F-47E6-8333-A7BA0F3CBAE7}.Release|Any CPU.Build.0 = Release|Any CPU
		{3F9EC1D0-3B40-4386-990A-7D87C46B78B1}.Debug|Any CPU.ActiveCfg = Debug|Any CPU
		{3F9EC1D0-3B40-4386-990A-7D87C46B78B1}.Debug|Any CPU.Build.0 = Debug|Any CPU
		{3F9EC1D0-3B40-4386-990A-7D87C46B78B1}.Release|Any CPU.ActiveCfg = Release|Any CPU
		{3F9EC1D0-3B40-4386-990A-7D87C46B78B1}.Release|Any CPU.Build.0 = Release|Any CPU
		{E86ECFE8-EC32-4400-BDCE-5A5E6746516E}.Debug|Any CPU.ActiveCfg = Debug|Any CPU
		{E86ECFE8-EC32-4400-BDCE-5A5E6746516E}.Debug|Any CPU.Build.0 = Debug|Any CPU
		{E86ECFE8-EC32-4400-BDCE-5A5E6746516E}.Release|Any CPU.ActiveCfg = Release|Any CPU
		{E86ECFE8-EC32-4400-BDCE-5A5E6746516E}.Release|Any CPU.Build.0 = Release|Any CPU
		{530DB3CE-8F64-4FD6-B871-2163BE526573}.Debug|Any CPU.ActiveCfg = Debug|Any CPU
		{530DB3CE-8F64-4FD6-B871-2163BE526573}.Debug|Any CPU.Build.0 = Debug|Any CPU
		{530DB3CE-8F64-4FD6-B871-2163BE526573}.Release|Any CPU.ActiveCfg = Release|Any CPU
		{530DB3CE-8F64-4FD6-B871-2163BE526573}.Release|Any CPU.Build.0 = Release|Any CPU
		{72CCEF73-7DEA-4C86-B70C-3B3D8F4F0293}.Debug|Any CPU.ActiveCfg = Debug|Any CPU
		{72CCEF73-7DEA-4C86-B70C-3B3D8F4F0293}.Debug|Any CPU.Build.0 = Debug|Any CPU
		{72CCEF73-7DEA-4C86-B70C-3B3D8F4F0293}.Release|Any CPU.ActiveCfg = Release|Any CPU
		{72CCEF73-7DEA-4C86-B70C-3B3D8F4F0293}.Release|Any CPU.Build.0 = Release|Any CPU
		{4E31325C-4AD9-4F7E-A33D-BAC5F5992AD0}.Debug|Any CPU.ActiveCfg = Debug|Any CPU
		{4E31325C-4AD9-4F7E-A33D-BAC5F5992AD0}.Debug|Any CPU.Build.0 = Debug|Any CPU
		{4E31325C-4AD9-4F7E-A33D-BAC5F5992AD0}.Release|Any CPU.ActiveCfg = Release|Any CPU
		{4E31325C-4AD9-4F7E-A33D-BAC5F5992AD0}.Release|Any CPU.Build.0 = Release|Any CPU
		{57CB8820-59A8-42AF-B8DE-C457E19ECF8C}.Debug|Any CPU.ActiveCfg = Debug|Any CPU
		{57CB8820-59A8-42AF-B8DE-C457E19ECF8C}.Debug|Any CPU.Build.0 = Debug|Any CPU
		{57CB8820-59A8-42AF-B8DE-C457E19ECF8C}.Release|Any CPU.ActiveCfg = Release|Any CPU
		{57CB8820-59A8-42AF-B8DE-C457E19ECF8C}.Release|Any CPU.Build.0 = Release|Any CPU
		{EA8AE2A2-C528-4742-B286-0F47DB2D325C}.Debug|Any CPU.ActiveCfg = Debug|Any CPU
		{EA8AE2A2-C528-4742-B286-0F47DB2D325C}.Debug|Any CPU.Build.0 = Debug|Any CPU
		{EA8AE2A2-C528-4742-B286-0F47DB2D325C}.Release|Any CPU.ActiveCfg = Release|Any CPU
		{EA8AE2A2-C528-4742-B286-0F47DB2D325C}.Release|Any CPU.Build.0 = Release|Any CPU
		{EE8E9C80-D6F5-4A4B-B96E-D5EE9B2C22FA}.Debug|Any CPU.ActiveCfg = Debug|Any CPU
		{EE8E9C80-D6F5-4A4B-B96E-D5EE9B2C22FA}.Debug|Any CPU.Build.0 = Debug|Any CPU
		{EE8E9C80-D6F5-4A4B-B96E-D5EE9B2C22FA}.Release|Any CPU.ActiveCfg = Release|Any CPU
		{EE8E9C80-D6F5-4A4B-B96E-D5EE9B2C22FA}.Release|Any CPU.Build.0 = Release|Any CPU
		{479B1995-F123-4D13-85F4-94AEAE71C573}.Debug|Any CPU.ActiveCfg = Debug|Any CPU
		{479B1995-F123-4D13-85F4-94AEAE71C573}.Debug|Any CPU.Build.0 = Debug|Any CPU
		{479B1995-F123-4D13-85F4-94AEAE71C573}.Release|Any CPU.ActiveCfg = Release|Any CPU
		{479B1995-F123-4D13-85F4-94AEAE71C573}.Release|Any CPU.Build.0 = Release|Any CPU
	EndGlobalSection
	GlobalSection(SolutionProperties) = preSolution
		HideSolutionNode = FALSE
	EndGlobalSection
	GlobalSection(NestedProjects) = preSolution
		{CCECF2CA-6A5E-4E1C-880C-CBCB7C645E7B} = {E0659DA1-8999-400B-A4D1-9E4A972592AF}
		{F2F9CF50-61BB-4BDE-87CA-E5A82540051D} = {AB6A26D1-88FD-4796-861F-3FA4E07D86E5}
		{262562CA-634F-47E6-8333-A7BA0F3CBAE7} = {5774B844-455E-437D-B9EF-C9BB993A9F35}
		{3F9EC1D0-3B40-4386-990A-7D87C46B78B1} = {5774B844-455E-437D-B9EF-C9BB993A9F35}
		{E86ECFE8-EC32-4400-BDCE-5A5E6746516E} = {5774B844-455E-437D-B9EF-C9BB993A9F35}
		{530DB3CE-8F64-4FD6-B871-2163BE526573} = {D8AABDE3-39B2-4F35-9641-E93B5003502E}
		{72CCEF73-7DEA-4C86-B70C-3B3D8F4F0293} = {D8AABDE3-39B2-4F35-9641-E93B5003502E}
		{4E31325C-4AD9-4F7E-A33D-BAC5F5992AD0} = {D8AABDE3-39B2-4F35-9641-E93B5003502E}
		{57CB8820-59A8-42AF-B8DE-C457E19ECF8C} = {5774B844-455E-437D-B9EF-C9BB993A9F35}
		{EA8AE2A2-C528-4742-B286-0F47DB2D325C} = {5774B844-455E-437D-B9EF-C9BB993A9F35}
		{EE8E9C80-D6F5-4A4B-B96E-D5EE9B2C22FA} = {5774B844-455E-437D-B9EF-C9BB993A9F35}
		{479B1995-F123-4D13-85F4-94AEAE71C573} = {D8AABDE3-39B2-4F35-9641-E93B5003502E}
	EndGlobalSection
	GlobalSection(ExtensibilityGlobals) = postSolution
		SolutionGuid = {A49312C2-E71A-435C-AC05-425759BFC03C}
	EndGlobalSection
EndGlobal
