
Microsoft Visual Studio Solution File, Format Version 12.00
# Visual Studio 15
VisualStudioVersion = 15.0.28307.1972
MinimumVisualStudioVersion = 10.0.40219.1
Project("{FAE04EC0-301F-11D3-BF4B-00C04F79EFBC}") = "Eonup.Mvc5", "Eonup.Mvc5\Eonup.Mvc5.csproj", "{CCECF2CA-6A5E-4E1C-880C-CBCB7C645E7B}"
EndProject
Project("{2150E333-8FDC-42A3-9474-1A3956D46DE8}") = "Client", "Client", "{E0659DA1-8999-400B-A4D1-9E4A972592AF}"
EndProject
Project("{2150E333-8FDC-42A3-9474-1A3956D46DE8}") = "Common", "Common", "{AB6A26D1-88FD-4796-861F-3FA4E07D86E5}"
EndProject
Project("{FAE04EC0-301F-11D3-BF4B-00C04F79EFBC}") = "Eonup.Framework", "Eonup.Framework\Eonup.Framework.csproj", "{F2F9CF50-61BB-4BDE-87CA-E5A82540051D}"
EndProject
Project("{2150E333-8FDC-42A3-9474-1A3956D46DE8}") = "Bussiness", "Bussiness", "{5774B844-455E-437D-B9EF-C9BB993A9F35}"
EndProject
Project("{FAE04EC0-301F-11D3-BF4B-00C04F79EFBC}") = "Eonup.EF.Model", "Eonup.EF.Model\Eonup.EF.Model.csproj", "{262562CA-634F-47E6-8333-A7BA0F3CBAE7}"
EndProject
Project("{FAE04EC0-301F-11D3-BF4B-00C04F79EFBC}") = "Eonup.Business.Interface", "Eonup.Business.Interface\Eonup.Business.Interface.csproj", "{3F9EC1D0-3B40-4386-990A-7D87C46B78B1}"
EndProject
Project("{FAE04EC0-301F-11D3-BF4B-00C04F79EFBC}") = "Eonup.Business.Service", "Eonup.Business.Service\Eonup.Business.Service.csproj", "{E86ECFE8-EC32-4400-BDCE-5A5E6746516E}"
EndProject
Global
	GlobalSection(SolutionConfigurationPlatforms) = preSolution
		Debug|Any CPU = Debug|Any CPU
		Release|Any CPU = Release|Any CPU
	EndGlobalSection
	GlobalSection(ProjectConfigurationPlatforms) = postSolution
		{CCECF2CA-6A5E-4E1C-880C-CBCB7C645E7B}.Debug|Any CPU.ActiveCfg = Debug|Any CPU
		{CCECF2CA-6A5E-4E1C-880C-CBCB7C645E7B}.Debug|Any CPU.Build.0 = Debug|Any CPU
		{CCECF2CA-6A5E-4E1C-880C-CBCB7C645E7B}.Release|Any CPU.ActiveCfg = Release|Any CPU
		{CCECF2CA-6A5E-4E1C-880C-CBCB7C645E7B}.Release|Any CPU.Build.0 = Release|Any CPU
		{F2F9CF50-61BB-4BDE-87CA-E5A82540051D}.Debug|Any CPU.ActiveCfg = Debug|Any CPU
		{F2F9CF50-61BB-4BDE-87CA-E5A82540051D}.Debug|Any CPU.Build.0 = Debug|Any CPU
		{F2F9CF50-61BB-4BDE-87CA-E5A82540051D}.Release|Any CPU.ActiveCfg = Release|Any CPU
		{F2F9CF50-61BB-4BDE-87CA-E5A82540051D}.Release|Any CPU.Build.0 = Release|Any CPU
		{262562CA-634F-47E6-8333-A7BA0F3CBAE7}.Debug|Any CPU.ActiveCfg = Debug|Any CPU
		{262562CA-634F-47E6-8333-A7BA0F3CBAE7}.Debug|Any CPU.Build.0 = Debug|Any CPU
		{262562CA-634F-47E6-8333-A7BA0F3CBAE7}.Release|Any CPU.ActiveCfg = Release|Any CPU
		{262562CA-634F-47E6-8333-A7BA0F3CBAE7}.Release|Any CPU.Build.0 = Release|Any CPU
		{3F9EC1D0-3B40-4386-990A-7D87C46B78B1}.Debug|Any CPU.ActiveCfg = Debug|Any CPU
		{3F9EC1D0-3B40-4386-990A-7D87C46B78B1}.Debug|Any CPU.Build.0 = Debug|Any CPU
		{3F9EC1D0-3B40-4386-990A-7D87C46B78B1}.Release|Any CPU.ActiveCfg = Release|Any CPU
		{3F9EC1D0-3B40-4386-990A-7D87C46B78B1}.Release|Any CPU.Build.0 = Release|Any CPU
		{E86ECFE8-EC32-4400-BDCE-5A5E6746516E}.Debug|Any CPU.ActiveCfg = Debug|Any CPU
		{E86ECFE8-EC32-4400-BDCE-5A5E6746516E}.Debug|Any CPU.Build.0 = Debug|Any CPU
		{E86ECFE8-EC32-4400-BDCE-5A5E6746516E}.Release|Any CPU.ActiveCfg = Release|Any CPU
		{E86ECFE8-EC32-4400-BDCE-5A5E6746516E}.Release|Any CPU.Build.0 = Release|Any CPU
	EndGlobalSection
	GlobalSection(SolutionProperties) = preSolution
		HideSolutionNode = FALSE
	EndGlobalSection
	GlobalSection(NestedProjects) = preSolution
		{CCECF2CA-6A5E-4E1C-880C-CBCB7C645E7B} = {E0659DA1-8999-400B-A4D1-9E4A972592AF}
		{F2F9CF50-61BB-4BDE-87CA-E5A82540051D} = {AB6A26D1-88FD-4796-861F-3FA4E07D86E5}
		{262562CA-634F-47E6-8333-A7BA0F3CBAE7} = {5774B844-455E-437D-B9EF-C9BB993A9F35}
		{3F9EC1D0-3B40-4386-990A-7D87C46B78B1} = {5774B844-455E-437D-B9EF-C9BB993A9F35}
		{E86ECFE8-EC32-4400-BDCE-5A5E6746516E} = {5774B844-455E-437D-B9EF-C9BB993A9F35}
	EndGlobalSection
	GlobalSection(ExtensibilityGlobals) = postSolution
		SolutionGuid = {A49312C2-E71A-435C-AC05-425759BFC03C}
	EndGlobalSection
EndGlobal
