
Microsoft Visual Studio Solution File, Format Version 12.00
# Visual Studio 15
VisualStudioVersion = 15.0.28307.1972
MinimumVisualStudioVersion = 10.0.40219.1
Project("{FAE04EC0-301F-11D3-BF4B-00C04F79EFBC}") = "Eonup.Mvc5", "Eonup.Mvc5\Eonup.Mvc5.csproj", "{CCECF2CA-6A5E-4E1C-880C-CBCB7C645E7B}"
EndProject
Project("{2150E333-8FDC-42A3-9474-1A3956D46DE8}") = "Client", "Client", "{E0659DA1-8999-400B-A4D1-9E4A972592AF}"
EndProject
Global
	GlobalSection(SolutionConfigurationPlatforms) = preSolution
		Debug|Any CPU = Debug|Any CPU
		Release|Any CPU = Release|Any CPU
	EndGlobalSection
	GlobalSection(ProjectConfigurationPlatforms) = postSolution
		{CCECF2CA-6A5E-4E1C-880C-CBCB7C645E7B}.Debug|Any CPU.ActiveCfg = Debug|Any CPU
		{CCECF2CA-6A5E-4E1C-880C-CBCB7C645E7B}.Debug|Any CPU.Build.0 = Debug|Any CPU
		{CCECF2CA-6A5E-4E1C-880C-CBCB7C645E7B}.Release|Any CPU.ActiveCfg = Release|Any CPU
		{CCECF2CA-6A5E-4E1C-880C-CBCB7C645E7B}.Release|Any CPU.Build.0 = Release|Any CPU
	EndGlobalSection
	GlobalSection(SolutionProperties) = preSolution
		HideSolutionNode = FALSE
	EndGlobalSection
	GlobalSection(NestedProjects) = preSolution
		{CCECF2CA-6A5E-4E1C-880C-CBCB7C645E7B} = {E0659DA1-8999-400B-A4D1-9E4A972592AF}
	EndGlobalSection
	GlobalSection(ExtensibilityGlobals) = postSolution
		SolutionGuid = {A49312C2-E71A-435C-AC05-425759BFC03C}
	EndGlobalSection
EndGlobal
